
Microsoft Visual Studio Solution File, Format Version 12.00
# Visual Studio Version 17
VisualStudioVersion = 17.6.33723.286
MinimumVisualStudioVersion = 10.0.40219.1
Project("{2150E333-8FDC-42A3-9474-1A3956D46DE8}") = "Services", "Services", "{1B2740CF-9BFC-4529-8348-6D7575C158BE}"
EndProject
Project("{2150E333-8FDC-42A3-9474-1A3956D46DE8}") = "APIGateways", "APIGateways", "{E637FA44-0AE5-4B91-83EB-D54D74FAD4F9}"
EndProject
Project("{2150E333-8FDC-42A3-9474-1A3956D46DE8}") = "Basket", "Basket", "{6DAC8875-1886-439B-8B5C-482C1822E33D}"
EndProject
Project("{2150E333-8FDC-42A3-9474-1A3956D46DE8}") = "Catalog", "Catalog", "{64E64C9D-9DB4-490C-B916-425C13D089F5}"
EndProject
Project("{2150E333-8FDC-42A3-9474-1A3956D46DE8}") = "Identity", "Identity", "{21E045B5-8240-4D55-9BA6-423F10E4BB2D}"
EndProject
Project("{2150E333-8FDC-42A3-9474-1A3956D46DE8}") = "Ordering", "Ordering", "{E4A6C016-43A1-418E-961E-205DDA86704E}"
EndProject
Project("{2150E333-8FDC-42A3-9474-1A3956D46DE8}") = "Payment", "Payment", "{D2407A25-7227-437B-9E2E-77C1ECE0D4DC}"
EndProject
Project("{9A19103F-16F7-4668-BE54-9A1E7A4F7556}") = "Basket.API", "Services\Basket\Basket.API\Basket.API.csproj", "{B3C4E06E-29EA-40E5-BEE7-C7458D0E81B3}"
EndProject
Project("{9A19103F-16F7-4668-BE54-9A1E7A4F7556}") = "Catalog.API", "Services\Catalog\Catalog.API\Catalog.API.csproj", "{BA672C13-83D5-47FE-89A7-EDFE360DDA15}"
EndProject
Project("{9A19103F-16F7-4668-BE54-9A1E7A4F7556}") = "Identity.API", "Services\Identity\Identity.API\Identity.API.csproj", "{2B3BC322-37A4-4C21-AE03-80902F21D1FA}"
EndProject
Project("{9A19103F-16F7-4668-BE54-9A1E7A4F7556}") = "Ordering.API", "Services\Order\Order.API\Ordering.API.csproj", "{887DB8D2-600E-4F1A-989C-3599FE9F46FB}"
EndProject
Project("{2150E333-8FDC-42A3-9474-1A3956D46DE8}") = "Storage", "Storage", "{78FD57EC-B5A2-4003-899D-A652AB2A78BD}"
EndProject
Project("{9A19103F-16F7-4668-BE54-9A1E7A4F7556}") = "Storage.API", "Services\Storage\Storage.API\Storage.API.csproj", "{B1FEA323-C03E-411D-A209-C93BEE6DDC69}"
EndProject
Project("{2150E333-8FDC-42A3-9474-1A3956D46DE8}") = "EventBus", "EventBus", "{C7C070B5-2018-49B8-BDD8-6511AEF8A037}"
EndProject
Project("{9A19103F-16F7-4668-BE54-9A1E7A4F7556}") = "EventBus", "EventBus\EventBus\EventBus.csproj", "{7F74B0A4-CFE2-4008-9140-7189A4ADA647}"
EndProject
Project("{9A19103F-16F7-4668-BE54-9A1E7A4F7556}") = "EventBusRabbitMQ", "EventBus\EventBusRabbitMQ\EventBusRabbitMQ.csproj", "{11205056-407F-43E1-A77F-3DAD4AC8BD46}"
EndProject
Project("{9A19103F-16F7-4668-BE54-9A1E7A4F7556}") = "EventBusServiceBus", "EventBus\EventBusServiceBus\EventBusServiceBus.csproj", "{F2A04275-39B9-42D6-87AE-57A41850B000}"
EndProject
Project("{9A19103F-16F7-4668-BE54-9A1E7A4F7556}") = "EventBusLogEF", "EventBus\EventBusLogEF\EventBusLogEF.csproj", "{2AF008DB-BD68-45A7-BACD-016731EEEF65}"
EndProject
Project("{9A19103F-16F7-4668-BE54-9A1E7A4F7556}") = "Web.Bff.Ocelot", "APIGateways\Web.Bff.Ocelot\Web.Bff.Ocelot.csproj", "{EB376AFA-0C5A-4906-8D46-60A70A9D7486}"
EndProject
Project("{E53339B2-1760-4266-BCC7-CA923CBCF16C}") = "docker-compose", "docker-compose.dcproj", "{36501E5A-3C69-4E6C-A7CC-1DB41410BCE8}"
EndProject
Project("{9A19103F-16F7-4668-BE54-9A1E7A4F7556}") = "Notification.API", "Services\Notification\Notification.API\Notification.API.csproj", "{B1CE236A-5229-46AE-A15A-8155428AF69E}"
EndProject
Project("{2150E333-8FDC-42A3-9474-1A3956D46DE8}") = "Notification", "Notification", "{1ADE5FB0-B844-4322-9955-558F40F029A1}"
EndProject
Project("{2150E333-8FDC-42A3-9474-1A3956D46DE8}") = "Ratting", "Ratting", "{736984C9-4574-42D1-A584-B9B9C9D906A6}"
EndProject
Project("{9A19103F-16F7-4668-BE54-9A1E7A4F7556}") = "Ratting.API", "Services\Ratting\Ratting.API\Ratting.API.csproj", "{51DD17F9-C131-4639-96A6-EC495BB1ACE0}"
EndProject
Project("{9A19103F-16F7-4668-BE54-9A1E7A4F7556}") = "AuthenticationJWT", "Services\Identity\AuthenticationJWT\AuthenticationJWT.csproj", "{E84B97DD-681E-4D8B-BE64-B42B8E7E404B}"
EndProject
Project("{2150E333-8FDC-42A3-9474-1A3956D46DE8}") = "Inventory", "Inventory", "{D57D4648-BC96-4F01-B760-50FF1D23C76B}"
EndProject
Project("{9A19103F-16F7-4668-BE54-9A1E7A4F7556}") = "Inventory.API", "Services\Inventory\Inventory.API\Inventory.API.csproj", "{38C194A1-21D6-4C3F-8116-ED60E1F32340}"
EndProject
Project("{2150E333-8FDC-42A3-9474-1A3956D46DE8}") = "CustomDockerfiles", "CustomDockerfiles", "{6E0F4394-BA6D-454D-A681-7213A5201F2B}"
	ProjectSection(SolutionItems) = preProject
		CustomDockerfiles\Dockerfile = CustomDockerfiles\Dockerfile
	EndProjectSection
EndProject
Project("{9A19103F-16F7-4668-BE54-9A1E7A4F7556}") = "Payment.API", "Services\Payment\Payment.API\Payment.API.csproj", "{9BC71408-E94D-4C89-BC83-E965315E5E35}"
EndProject
Global
	GlobalSection(SolutionConfigurationPlatforms) = preSolution
		Debug|Any CPU = Debug|Any CPU
		Release|Any CPU = Release|Any CPU
	EndGlobalSection
	GlobalSection(ProjectConfigurationPlatforms) = postSolution
		{B3C4E06E-29EA-40E5-BEE7-C7458D0E81B3}.Debug|Any CPU.ActiveCfg = Debug|Any CPU
		{B3C4E06E-29EA-40E5-BEE7-C7458D0E81B3}.Debug|Any CPU.Build.0 = Debug|Any CPU
		{B3C4E06E-29EA-40E5-BEE7-C7458D0E81B3}.Release|Any CPU.ActiveCfg = Release|Any CPU
		{B3C4E06E-29EA-40E5-BEE7-C7458D0E81B3}.Release|Any CPU.Build.0 = Release|Any CPU
		{BA672C13-83D5-47FE-89A7-EDFE360DDA15}.Debug|Any CPU.ActiveCfg = Debug|Any CPU
		{BA672C13-83D5-47FE-89A7-EDFE360DDA15}.Debug|Any CPU.Build.0 = Debug|Any CPU
		{BA672C13-83D5-47FE-89A7-EDFE360DDA15}.Release|Any CPU.ActiveCfg = Release|Any CPU
		{BA672C13-83D5-47FE-89A7-EDFE360DDA15}.Release|Any CPU.Build.0 = Release|Any CPU
		{2B3BC322-37A4-4C21-AE03-80902F21D1FA}.Debug|Any CPU.ActiveCfg = Debug|Any CPU
		{2B3BC322-37A4-4C21-AE03-80902F21D1FA}.Debug|Any CPU.Build.0 = Debug|Any CPU
		{2B3BC322-37A4-4C21-AE03-80902F21D1FA}.Release|Any CPU.ActiveCfg = Release|Any CPU
		{2B3BC322-37A4-4C21-AE03-80902F21D1FA}.Release|Any CPU.Build.0 = Release|Any CPU
		{887DB8D2-600E-4F1A-989C-3599FE9F46FB}.Debug|Any CPU.ActiveCfg = Debug|Any CPU
		{887DB8D2-600E-4F1A-989C-3599FE9F46FB}.Debug|Any CPU.Build.0 = Debug|Any CPU
		{887DB8D2-600E-4F1A-989C-3599FE9F46FB}.Release|Any CPU.ActiveCfg = Release|Any CPU
		{887DB8D2-600E-4F1A-989C-3599FE9F46FB}.Release|Any CPU.Build.0 = Release|Any CPU
		{B1FEA323-C03E-411D-A209-C93BEE6DDC69}.Debug|Any CPU.ActiveCfg = Debug|Any CPU
		{B1FEA323-C03E-411D-A209-C93BEE6DDC69}.Debug|Any CPU.Build.0 = Debug|Any CPU
		{B1FEA323-C03E-411D-A209-C93BEE6DDC69}.Release|Any CPU.ActiveCfg = Release|Any CPU
		{B1FEA323-C03E-411D-A209-C93BEE6DDC69}.Release|Any CPU.Build.0 = Release|Any CPU
		{7F74B0A4-CFE2-4008-9140-7189A4ADA647}.Debug|Any CPU.ActiveCfg = Debug|Any CPU
		{7F74B0A4-CFE2-4008-9140-7189A4ADA647}.Debug|Any CPU.Build.0 = Debug|Any CPU
		{7F74B0A4-CFE2-4008-9140-7189A4ADA647}.Release|Any CPU.ActiveCfg = Release|Any CPU
		{7F74B0A4-CFE2-4008-9140-7189A4ADA647}.Release|Any CPU.Build.0 = Release|Any CPU
		{11205056-407F-43E1-A77F-3DAD4AC8BD46}.Debug|Any CPU.ActiveCfg = Debug|Any CPU
		{11205056-407F-43E1-A77F-3DAD4AC8BD46}.Debug|Any CPU.Build.0 = Debug|Any CPU
		{11205056-407F-43E1-A77F-3DAD4AC8BD46}.Release|Any CPU.ActiveCfg = Release|Any CPU
		{11205056-407F-43E1-A77F-3DAD4AC8BD46}.Release|Any CPU.Build.0 = Release|Any CPU
		{F2A04275-39B9-42D6-87AE-57A41850B000}.Debug|Any CPU.ActiveCfg = Debug|Any CPU
		{F2A04275-39B9-42D6-87AE-57A41850B000}.Debug|Any CPU.Build.0 = Debug|Any CPU
		{F2A04275-39B9-42D6-87AE-57A41850B000}.Release|Any CPU.ActiveCfg = Release|Any CPU
		{F2A04275-39B9-42D6-87AE-57A41850B000}.Release|Any CPU.Build.0 = Release|Any CPU
		{2AF008DB-BD68-45A7-BACD-016731EEEF65}.Debug|Any CPU.ActiveCfg = Debug|Any CPU
		{2AF008DB-BD68-45A7-BACD-016731EEEF65}.Debug|Any CPU.Build.0 = Debug|Any CPU
		{2AF008DB-BD68-45A7-BACD-016731EEEF65}.Release|Any CPU.ActiveCfg = Release|Any CPU
		{2AF008DB-BD68-45A7-BACD-016731EEEF65}.Release|Any CPU.Build.0 = Release|Any CPU
		{EB376AFA-0C5A-4906-8D46-60A70A9D7486}.Debug|Any CPU.ActiveCfg = Debug|Any CPU
		{EB376AFA-0C5A-4906-8D46-60A70A9D7486}.Debug|Any CPU.Build.0 = Debug|Any CPU
		{EB376AFA-0C5A-4906-8D46-60A70A9D7486}.Release|Any CPU.ActiveCfg = Release|Any CPU
		{EB376AFA-0C5A-4906-8D46-60A70A9D7486}.Release|Any CPU.Build.0 = Release|Any CPU
		{36501E5A-3C69-4E6C-A7CC-1DB41410BCE8}.Debug|Any CPU.ActiveCfg = Debug|Any CPU
		{36501E5A-3C69-4E6C-A7CC-1DB41410BCE8}.Debug|Any CPU.Build.0 = Debug|Any CPU
		{36501E5A-3C69-4E6C-A7CC-1DB41410BCE8}.Release|Any CPU.ActiveCfg = Release|Any CPU
		{36501E5A-3C69-4E6C-A7CC-1DB41410BCE8}.Release|Any CPU.Build.0 = Release|Any CPU
		{B1CE236A-5229-46AE-A15A-8155428AF69E}.Debug|Any CPU.ActiveCfg = Debug|Any CPU
		{B1CE236A-5229-46AE-A15A-8155428AF69E}.Debug|Any CPU.Build.0 = Debug|Any CPU
		{B1CE236A-5229-46AE-A15A-8155428AF69E}.Release|Any CPU.ActiveCfg = Release|Any CPU
		{B1CE236A-5229-46AE-A15A-8155428AF69E}.Release|Any CPU.Build.0 = Release|Any CPU
		{51DD17F9-C131-4639-96A6-EC495BB1ACE0}.Debug|Any CPU.ActiveCfg = Debug|Any CPU
		{51DD17F9-C131-4639-96A6-EC495BB1ACE0}.Debug|Any CPU.Build.0 = Debug|Any CPU
		{51DD17F9-C131-4639-96A6-EC495BB1ACE0}.Release|Any CPU.ActiveCfg = Release|Any CPU
		{51DD17F9-C131-4639-96A6-EC495BB1ACE0}.Release|Any CPU.Build.0 = Release|Any CPU
		{E84B97DD-681E-4D8B-BE64-B42B8E7E404B}.Debug|Any CPU.ActiveCfg = Debug|Any CPU
		{E84B97DD-681E-4D8B-BE64-B42B8E7E404B}.Debug|Any CPU.Build.0 = Debug|Any CPU
		{E84B97DD-681E-4D8B-BE64-B42B8E7E404B}.Release|Any CPU.ActiveCfg = Release|Any CPU
		{E84B97DD-681E-4D8B-BE64-B42B8E7E404B}.Release|Any CPU.Build.0 = Release|Any CPU
		{38C194A1-21D6-4C3F-8116-ED60E1F32340}.Debug|Any CPU.ActiveCfg = Debug|Any CPU
		{38C194A1-21D6-4C3F-8116-ED60E1F32340}.Debug|Any CPU.Build.0 = Debug|Any CPU
		{38C194A1-21D6-4C3F-8116-ED60E1F32340}.Release|Any CPU.ActiveCfg = Release|Any CPU
		{38C194A1-21D6-4C3F-8116-ED60E1F32340}.Release|Any CPU.Build.0 = Release|Any CPU
		{9BC71408-E94D-4C89-BC83-E965315E5E35}.Debug|Any CPU.ActiveCfg = Debug|Any CPU
		{9BC71408-E94D-4C89-BC83-E965315E5E35}.Debug|Any CPU.Build.0 = Debug|Any CPU
		{9BC71408-E94D-4C89-BC83-E965315E5E35}.Release|Any CPU.ActiveCfg = Release|Any CPU
		{9BC71408-E94D-4C89-BC83-E965315E5E35}.Release|Any CPU.Build.0 = Release|Any CPU
	EndGlobalSection
	GlobalSection(SolutionProperties) = preSolution
		HideSolutionNode = FALSE
	EndGlobalSection
	GlobalSection(NestedProjects) = preSolution
		{6DAC8875-1886-439B-8B5C-482C1822E33D} = {1B2740CF-9BFC-4529-8348-6D7575C158BE}
		{64E64C9D-9DB4-490C-B916-425C13D089F5} = {1B2740CF-9BFC-4529-8348-6D7575C158BE}
		{21E045B5-8240-4D55-9BA6-423F10E4BB2D} = {1B2740CF-9BFC-4529-8348-6D7575C158BE}
		{E4A6C016-43A1-418E-961E-205DDA86704E} = {1B2740CF-9BFC-4529-8348-6D7575C158BE}
		{D2407A25-7227-437B-9E2E-77C1ECE0D4DC} = {1B2740CF-9BFC-4529-8348-6D7575C158BE}
		{B3C4E06E-29EA-40E5-BEE7-C7458D0E81B3} = {6DAC8875-1886-439B-8B5C-482C1822E33D}
		{BA672C13-83D5-47FE-89A7-EDFE360DDA15} = {64E64C9D-9DB4-490C-B916-425C13D089F5}
		{2B3BC322-37A4-4C21-AE03-80902F21D1FA} = {21E045B5-8240-4D55-9BA6-423F10E4BB2D}
		{887DB8D2-600E-4F1A-989C-3599FE9F46FB} = {E4A6C016-43A1-418E-961E-205DDA86704E}
		{78FD57EC-B5A2-4003-899D-A652AB2A78BD} = {1B2740CF-9BFC-4529-8348-6D7575C158BE}
		{B1FEA323-C03E-411D-A209-C93BEE6DDC69} = {78FD57EC-B5A2-4003-899D-A652AB2A78BD}
		{7F74B0A4-CFE2-4008-9140-7189A4ADA647} = {C7C070B5-2018-49B8-BDD8-6511AEF8A037}
		{11205056-407F-43E1-A77F-3DAD4AC8BD46} = {C7C070B5-2018-49B8-BDD8-6511AEF8A037}
		{F2A04275-39B9-42D6-87AE-57A41850B000} = {C7C070B5-2018-49B8-BDD8-6511AEF8A037}
		{2AF008DB-BD68-45A7-BACD-016731EEEF65} = {C7C070B5-2018-49B8-BDD8-6511AEF8A037}
		{EB376AFA-0C5A-4906-8D46-60A70A9D7486} = {E637FA44-0AE5-4B91-83EB-D54D74FAD4F9}
		{B1CE236A-5229-46AE-A15A-8155428AF69E} = {1ADE5FB0-B844-4322-9955-558F40F029A1}
		{1ADE5FB0-B844-4322-9955-558F40F029A1} = {1B2740CF-9BFC-4529-8348-6D7575C158BE}
		{736984C9-4574-42D1-A584-B9B9C9D906A6} = {1B2740CF-9BFC-4529-8348-6D7575C158BE}
		{51DD17F9-C131-4639-96A6-EC495BB1ACE0} = {736984C9-4574-42D1-A584-B9B9C9D906A6}
		{E84B97DD-681E-4D8B-BE64-B42B8E7E404B} = {21E045B5-8240-4D55-9BA6-423F10E4BB2D}
		{D57D4648-BC96-4F01-B760-50FF1D23C76B} = {1B2740CF-9BFC-4529-8348-6D7575C158BE}
		{38C194A1-21D6-4C3F-8116-ED60E1F32340} = {D57D4648-BC96-4F01-B760-50FF1D23C76B}
		{9BC71408-E94D-4C89-BC83-E965315E5E35} = {D2407A25-7227-437B-9E2E-77C1ECE0D4DC}
	EndGlobalSection
	GlobalSection(ExtensibilityGlobals) = postSolution
		SolutionGuid = {340BBB3D-B990-4A1D-8586-53B5D70B6840}
	EndGlobalSection
EndGlobal
